
Microsoft Visual Studio Solution File, Format Version 12.00
# Visual Studio 2013
VisualStudioVersion = 12.0.21005.1
MinimumVisualStudioVersion = 10.0.40219.1
Project("{8BC9CEB8-8B4A-11D0-8D11-00A0C91BC942}") = "20.3.17", "20.3.17\20.3.17.vcxproj", "{92C366CB-0441-4B5F-A27A-E0F29C725DFD}"
EndProject
Global
	GlobalSection(SolutionConfigurationPlatforms) = preSolution
		Debug|Win32 = Debug|Win32
		Release|Win32 = Release|Win32
	EndGlobalSection
	GlobalSection(ProjectConfigurationPlatforms) = postSolution
		{92C366CB-0441-4B5F-A27A-E0F29C725DFD}.Debug|Win32.ActiveCfg = Debug|Win32
		{92C366CB-0441-4B5F-A27A-E0F29C725DFD}.Debug|Win32.Build.0 = Debug|Win32
		{92C366CB-0441-4B5F-A27A-E0F29C725DFD}.Release|Win32.ActiveCfg = Release|Win32
		{92C366CB-0441-4B5F-A27A-E0F29C725DFD}.Release|Win32.Build.0 = Release|Win32
	EndGlobalSection
	GlobalSection(SolutionProperties) = preSolution
		HideSolutionNode = FALSE
	EndGlobalSection
EndGlobal
